dependencies:
- name: api-service
  repository: file://charts/api-service
  version: 1.0.0
- name: gmail-service
  repository: file://charts/gmail-service
  version: 1.0.0
- name: ai-service
  repository: file://charts/ai-service
  version: 1.0.0
- name: rule-engine
  repository: file://charts/rule-engine
  version: 1.0.0
- name: meeting-service
  repository: file://charts/meeting-service
  version: 1.0.0
- name: frontend
  repository: file://charts/frontend
  version: 1.0.0
- name: shared
  repository: file://charts/shared
  version: 1.0.0
digest: sha256:f60bcff53f0350766ef146027fad30041fd0c0f4c1256357d39ae0ca5d996f74
generated: "2026-06-24T20:46:49.9373752+05:30"
